
Microsoft Visual Studio Solution File, Format Version 12.00
# Visual Studio Version 17
VisualStudioVersion = 17.13.35913.81 d17.13
MinimumVisualStudioVersion = 10.0.40219.1
Project("{FAE04EC0-301F-11D3-BF4B-00C04F79EFBC}") = "Excercise01", "Excercise03\Excercise01.csproj", "{00852C0A-1FBE-4D62-8ACD-FA0D1361E83C}"
EndProject
Global
	GlobalSection(SolutionConfigurationPlatforms) = preSolution
		Debug|Any CPU = Debug|Any CPU
		Release|Any CPU = Release|Any CPU
	EndGlobalSection
	GlobalSection(ProjectConfigurationPlatforms) = postSolution
		{00852C0A-1FBE-4D62-8ACD-FA0D1361E83C}.Debug|Any CPU.ActiveCfg = Debug|Any CPU
		{00852C0A-1FBE-4D62-8ACD-FA0D1361E83C}.Debug|Any CPU.Build.0 = Debug|Any CPU
		{00852C0A-1FBE-4D62-8ACD-FA0D1361E83C}.Release|Any CPU.ActiveCfg = Release|Any CPU
		{00852C0A-1FBE-4D62-8ACD-FA0D1361E83C}.Release|Any CPU.Build.0 = Release|Any CPU
	EndGlobalSection
	GlobalSection(SolutionProperties) = preSolution
		HideSolutionNode = FALSE
	EndGlobalSection
	GlobalSection(ExtensibilityGlobals) = postSolution
		SolutionGuid = {781BA287-DFEF-46BF-BBE4-ADE27B2592F6}
	EndGlobalSection
EndGlobal
