
Microsoft Visual Studio Solution File, Format Version 12.00
# Visual Studio Version 17
VisualStudioVersion = 17.13.35913.81
MinimumVisualStudioVersion = 10.0.40219.1
Project("{FAE04EC0-301F-11D3-BF4B-00C04F79EFBC}") = "Domain", "Domain\Domain.csproj", "{3FB53ECB-E6CB-4DF2-A656-A83D3FC94AEE}"
EndProject
Project("{FAE04EC0-301F-11D3-BF4B-00C04F79EFBC}") = "EmployeeApp", "EmployeeApp\EmployeeApp.csproj", "{12F83CE4-8B7A-42EA-B9F7-A1FF1AA5DF59}"
EndProject
Global
	GlobalSection(SolutionConfigurationPlatforms) = preSolution
		Debug|Any CPU = Debug|Any CPU
		Release|Any CPU = Release|Any CPU
	EndGlobalSection
	GlobalSection(ProjectConfigurationPlatforms) = postSolution
		{3FB53ECB-E6CB-4DF2-A656-A83D3FC94AEE}.Debug|Any CPU.ActiveCfg = Debug|Any CPU
		{3FB53ECB-E6CB-4DF2-A656-A83D3FC94AEE}.Debug|Any CPU.Build.0 = Debug|Any CPU
		{3FB53ECB-E6CB-4DF2-A656-A83D3FC94AEE}.Release|Any CPU.ActiveCfg = Release|Any CPU
		{3FB53ECB-E6CB-4DF2-A656-A83D3FC94AEE}.Release|Any CPU.Build.0 = Release|Any CPU
		{12F83CE4-8B7A-42EA-B9F7-A1FF1AA5DF59}.Debug|Any CPU.ActiveCfg = Debug|Any CPU
		{12F83CE4-8B7A-42EA-B9F7-A1FF1AA5DF59}.Debug|Any CPU.Build.0 = Debug|Any CPU
		{12F83CE4-8B7A-42EA-B9F7-A1FF1AA5DF59}.Release|Any CPU.ActiveCfg = Release|Any CPU
		{12F83CE4-8B7A-42EA-B9F7-A1FF1AA5DF59}.Release|Any CPU.Build.0 = Release|Any CPU
	EndGlobalSection
	GlobalSection(SolutionProperties) = preSolution
		HideSolutionNode = FALSE
	EndGlobalSection
	GlobalSection(ExtensibilityGlobals) = postSolution
		SolutionGuid = {2BD111C8-026D-4A1B-87C1-C263F9548B10}
	EndGlobalSection
EndGlobal
