
Microsoft Visual Studio Solution File, Format Version 12.00
# Visual Studio Version 17
VisualStudioVersion = 17.13.35825.156 d17.13
MinimumVisualStudioVersion = 10.0.40219.1
Project("{FAE04EC0-301F-11D3-BF4B-00C04F79EFBC}") = "SumOfEven", "SumOfEven\SumOfEven.csproj", "{1D42C884-868B-4687-A2D1-5B7D7F825FEC}"
EndProject
Project("{FAE04EC0-301F-11D3-BF4B-00C04F79EFBC}") = "StudentGroup", "StudentGroup\StudentGroup.csproj", "{5AEE86B8-DBE1-4130-9496-C45D09E4FCCB}"
EndProject
Global
	GlobalSection(SolutionConfigurationPlatforms) = preSolution
		Debug|Any CPU = Debug|Any CPU
		Release|Any CPU = Release|Any CPU
	EndGlobalSection
	GlobalSection(ProjectConfigurationPlatforms) = postSolution
		{1D42C884-868B-4687-A2D1-5B7D7F825FEC}.Debug|Any CPU.ActiveCfg = Debug|Any CPU
		{1D42C884-868B-4687-A2D1-5B7D7F825FEC}.Debug|Any CPU.Build.0 = Debug|Any CPU
		{1D42C884-868B-4687-A2D1-5B7D7F825FEC}.Release|Any CPU.ActiveCfg = Release|Any CPU
		{1D42C884-868B-4687-A2D1-5B7D7F825FEC}.Release|Any CPU.Build.0 = Release|Any CPU
		{5AEE86B8-DBE1-4130-9496-C45D09E4FCCB}.Debug|Any CPU.ActiveCfg = Debug|Any CPU
		{5AEE86B8-DBE1-4130-9496-C45D09E4FCCB}.Debug|Any CPU.Build.0 = Debug|Any CPU
		{5AEE86B8-DBE1-4130-9496-C45D09E4FCCB}.Release|Any CPU.ActiveCfg = Release|Any CPU
		{5AEE86B8-DBE1-4130-9496-C45D09E4FCCB}.Release|Any CPU.Build.0 = Release|Any CPU
	EndGlobalSection
	GlobalSection(SolutionProperties) = preSolution
		HideSolutionNode = FALSE
	EndGlobalSection
	GlobalSection(ExtensibilityGlobals) = postSolution
		SolutionGuid = {8D77E564-2BD4-47BF-A811-E87FEAB51AF3}
	EndGlobalSection
EndGlobal
